// !$*UTF8*$!
{
	archiveVersion = 1;
	classes = {
	};
	objectVersion = 46;
	objects = {

/* Begin PBXBuildFile section */
		9F0673F01C5AE1EB00B9AED3 /* AppDelegate.swift in Sources */ = {isa = PBXBuildFile; fileRef = 9F0673EF1C5AE1EB00B9AED3 /* AppDelegate.swift */; };
		9F0673F21C5AE1EB00B9AED3 /* ViewController.swift in Sources */ = {isa = PBXBuildFile; fileRef = 9F0673F11C5AE1EB00B9AED3 /* ViewController.swift */; };
		9F0673F51C5AE1EB00B9AED3 /* Main.storyboard in Resources */ = {isa = PBXBuildFile; fileRef = 9F0673F31C5AE1EB00B9AED3 /* Main.storyboard */; };
		9F0673F71C5AE1EB00B9AED3 /* Assets.xcassets in Resources */ = {isa = PBXBuildFile; fileRef = 9F0673F61C5AE1EB00B9AED3 /* Assets.xcassets */; };
		9F0673FA1C5AE1EB00B9AED3 /* LaunchScreen.storyboard in Resources */ = {isa = PBXBuildFile; fileRef = 9F0673F81C5AE1EB00B9AED3 /* LaunchScreen.storyboard */; };
		9F0674051C5AE1EC00B9AED3 /* lesson_2Tests.swift in Sources */ = {isa = PBXBuildFile; fileRef = 9F0674041C5AE1EC00B9AED3 /* lesson_2Tests.swift */; };
		9F0674101C5AE1EC00B9AED3 /* lesson_2UITests.swift in Sources */ = {isa = PBXBuildFile; fileRef = 9F06740F1C5AE1EC00B9AED3 /* lesson_2UITests.swift */; };
		9F06741E1C5AF58A00B9AED3 /* sample-02-redo.png in Resources */ = {isa = PBXBuildFile; fileRef = 9F06741D1C5AF58A00B9AED3 /* sample-02-redo.png */; };
		9F0674201C5AFC8E00B9AED3 /* YellowViewController.swift in Sources */ = {isa = PBXBuildFile; fileRef = 9F06741F1C5AFC8E00B9AED3 /* YellowViewController.swift */; };
/* End PBXBuildFile section */

/* Begin PBXContainerItemProxy section */
		9F0674011C5AE1EC00B9AED3 /* PBXContainerItemProxy */ = {
			isa = PBXContainerItemProxy;
			containerPortal = 9F0673E41C5AE1EB00B9AED3 /* Project object */;
			proxyType = 1;
			remoteGlobalIDString = 9F0673EB1C5AE1EB00B9AED3;
			remoteInfo = "lesson 2";
		};
		9F06740C1C5AE1EC00B9AED3 /* PBXContainerItemProxy */ = {
			isa = PBXContainerItemProxy;
			containerPortal = 9F0673E41C5AE1EB00B9AED3 /* Project object */;
			proxyType = 1;
			remoteGlobalIDString = 9F0673EB1C5AE1EB00B9AED3;
			remoteInfo = "lesson 2";
		};
/* End PBXContainerItemProxy section */

/* Begin PBXFileReference section */
		9F0673EC1C5AE1EB00B9AED3 /* lesson 2.app */ = {isa = PBXFileReference; explicitFileType = wrapper.application; includeInIndex = 0; path = "lesson 2.app"; sourceTree = BUILT_PRODUCTS_DIR; };
		9F0673EF1C5AE1EB00B9AED3 /* AppDelegate.swift */ = {isa = PBXFileReference; lastKnownFileType = sourcecode.swift; path = AppDelegate.swift; sourceTree = "<group>"; };
		9F0673F11C5AE1EB00B9AED3 /* ViewController.swift */ = {isa = PBXFileReference; lastKnownFileType = sourcecode.swift; path = ViewController.swift; sourceTree = "<group>"; };
		9F0673F41C5AE1EB00B9AED3 /* Base */ = {isa = PBXFileReference; lastKnownFileType = file.storyboard; name = Base; path = Base.lproj/Main.storyboard; sourceTree = "<group>"; };
		9F0673F61C5AE1EB00B9AED3 /* Assets.xcassets */ = {isa = PBXFileReference; lastKnownFileType = folder.assetcatalog; path = Assets.xcassets; sourceTree = "<group>"; };
		9F0673F91C5AE1EB00B9AED3 /* Base */ = {isa = PBXFileReference; lastKnownFileType = file.storyboard; name = Base; path = Base.lproj/LaunchScreen.storyboard; sourceTree = "<group>"; };
		9F0673FB1C5AE1EB00B9AED3 /* Info.plist */ = {isa = PBXFileReference; lastKnownFileType = text.plist.xml; path = Info.plist; sourceTree = "<group>"; };
		9F0674001C5AE1EC00B9AED3 /* lesson 2Tests.xctest */ = {isa = PBXFileReference; explicitFileType = wrapper.cfbundle; includeInIndex = 0; path = "lesson 2Tests.xctest"; sourceTree = BUILT_PRODUCTS_DIR; };
		9F0674041C5AE1EC00B9AED3 /* lesson_2Tests.swift */ = {isa = PBXFileReference; lastKnownFileType = sourcecode.swift; path = lesson_2Tests.swift; sourceTree = "<group>"; };
		9F0674061C5AE1EC00B9AED3 /* Info.plist */ = {isa = PBXFileReference; lastKnownFileType = text.plist.xml; path = Info.plist; sourceTree = "<group>"; };
		9F06740B1C5AE1EC00B9AED3 /* lesson 2UITests.xctest */ = {isa = PBXFileReference; explicitFileType = wrapper.cfbundle; includeInIndex = 0; path = "lesson 2UITests.xctest"; sourceTree = BUILT_PRODUCTS_DIR; };
		9F06740F1C5AE1EC00B9AED3 /* lesson_2UITests.swift */ = {isa = PBXFileReference; lastKnownFileType = sourcecode.swift; path = lesson_2UITests.swift; sourceTree = "<group>"; };
		9F0674111C5AE1EC00B9AED3 /* Info.plist */ = {isa = PBXFileReference; lastKnownFileType = text.plist.xml; path = Info.plist; sourceTree = "<group>"; };
		9F06741D1C5AF58A00B9AED3 /* sample-02-redo.png */ = {isa = PBXFileReference; lastKnownFileType = image.png; path = "sample-02-redo.png"; sourceTree = "<group>"; };
		9F06741F1C5AFC8E00B9AED3 /* YellowViewController.swift */ = {isa = PBXFileReference; fileEncoding = 4; lastKnownFileType = sourcecode.swift; path = YellowViewController.swift; sourceTree = "<group>"; };
/* End PBXFileReference section */

/* Begin PBXFrameworksBuildPhase section */
		9F0673E91C5AE1EB00B9AED3 /* Frameworks */ = {
			isa = PBXFrameworksBuildPhase;
			buildActionMask = 2147483647;
			files = (
			);
			runOnlyForDeploymentPostprocessing = 0;
		};
		9F0673FD1C5AE1EC00B9AED3 /* Frameworks */ = {
			isa = PBXFrameworksBuildPhase;
			buildActionMask = 2147483647;
			files = (
			);
			runOnlyForDeploymentPostprocessing = 0;
		};
		9F0674081C5AE1EC00B9AED3 /* Frameworks */ = {
			isa = PBXFrameworksBuildPhase;
			buildActionMask = 2147483647;
			files = (
			);
			runOnlyForDeploymentPostprocessing = 0;
		};
/* End PBXFrameworksBuildPhase section */

/* Begin PBXGroup section */
		9F0673E31C5AE1EB00B9AED3 = {
			isa = PBXGroup;
			children = (
				9F0673EE1C5AE1EB00B9AED3 /* lesson 2 */,
				9F0674031C5AE1EC00B9AED3 /* lesson 2Tests */,
				9F06740E1C5AE1EC00B9AED3 /* lesson 2UITests */,
				9F0673ED1C5AE1EB00B9AED3 /* Products */,
			);
			sourceTree = "<group>";
		};
		9F0673ED1C5AE1EB00B9AED3 /* Products */ = {
			isa = PBXGroup;
			children = (
				9F0673EC1C5AE1EB00B9AED3 /* lesson 2.app */,
				9F0674001C5AE1EC00B9AED3 /* lesson 2Tests.xctest */,
				9F06740B1C5AE1EC00B9AED3 /* lesson 2UITests.xctest */,
			);
			name = Products;
			sourceTree = "<group>";
		};
		9F0673EE1C5AE1EB00B9AED3 /* lesson 2 */ = {
			isa = PBXGroup;
			children = (
				9F0673EF1C5AE1EB00B9AED3 /* AppDelegate.swift */,
				9F0673F11C5AE1EB00B9AED3 /* ViewController.swift */,
				9F0673F31C5AE1EB00B9AED3 /* Main.storyboard */,
				9F06741F1C5AFC8E00B9AED3 /* YellowViewController.swift */,
				9F06741D1C5AF58A00B9AED3 /* sample-02-redo.png */,
				9F0673F61C5AE1EB00B9AED3 /* Assets.xcassets */,
				9F0673F81C5AE1EB00B9AED3 /* LaunchScreen.storyboard */,
				9F0673FB1C5AE1EB00B9AED3 /* Info.plist */,
			);
			path = "lesson 2";
			sourceTree = "<group>";
		};
		9F0674031C5AE1EC00B9AED3 /* lesson 2Tests */ = {
			isa = PBXGroup;
			children = (
				9F0674041C5AE1EC00B9AED3 /* lesson_2Tests.swift */,
				9F0674061C5AE1EC00B9AED3 /* Info.plist */,
			);
			path = "lesson 2Tests";
			sourceTree = "<group>";
		};
		9F06740E1C5AE1EC00B9AED3 /* lesson 2UITests */ = {
			isa = PBXGroup;
			children = (
				9F06740F1C5AE1EC00B9AED3 /* lesson_2UITests.swift */,
				9F0674111C5AE1EC00B9AED3 /* Info.plist */,
			);
			path = "lesson 2UITests";
			sourceTree = "<group>";
		};
/* End PBXGroup section */

/* Begin PBXNativeTarget section */
		9F0673EB1C5AE1EB00B9AED3 /* lesson 2 */ = {
			isa = PBXNativeTarget;
			buildConfigurationList = 9F0674141C5AE1EC00B9AED3 /* Build configuration list for PBXNativeTarget "lesson 2" */;
			buildPhases = (
				9F0673E81C5AE1EB00B9AED3 /* Sources */,
				9F0673E91C5AE1EB00B9AED3 /* Frameworks */,
				9F0673EA1C5AE1EB00B9AED3 /* Resources */,
			);
			buildRules = (
			);
			dependencies = (
			);
			name = "lesson 2";
			productName = "lesson 2";
			productReference = 9F0673EC1C5AE1EB00B9AED3 /* lesson 2.app */;
			productType = "com.apple.product-type.application";
		};
		9F0673FF1C5AE1EC00B9AED3 /* lesson 2Tests */ = {
			isa = PBXNativeTarget;
			buildConfigurationList = 9F0674171C5AE1EC00B9AED3 /* Build configuration list for PBXNativeTarget "lesson 2Tests" */;
			buildPhases = (
				9F0673FC1C5AE1EC00B9AED3 /* Sources */,
				9F0673FD1C5AE1EC00B9AED3 /* Frameworks */,
				9F0673FE1C5AE1EC00B9AED3 /* Resources */,
			);
			buildRules = (
			);
			dependencies = (
				9F0674021C5AE1EC00B9AED3 /* PBXTargetDependency */,
			);
			name = "lesson 2Tests";
			productName = "lesson 2Tests";
			productReference = 9F0674001C5AE1EC00B9AED3 /* lesson 2Tests.xctest */;
			productType = "com.apple.product-type.bundle.unit-test";
		};
		9F06740A1C5AE1EC00B9AED3 /* lesson 2UITests */ = {
			isa = PBXNativeTarget;
			buildConfigurationList = 9F06741A1C5AE1EC00B9AED3 /* Build configuration list for PBXNativeTarget "lesson 2UITests" */;
			buildPhases = (
				9F0674071C5AE1EC00B9AED3 /* Sources */,
				9F0674081C5AE1EC00B9AED3 /* Frameworks */,
				9F0674091C5AE1EC00B9AED3 /* Resources */,
			);
			buildRules = (
			);
			dependencies = (
				9F06740D1C5AE1EC00B9AED3 /* PBXTargetDependency */,
			);
			name = "lesson 2UITests";
			productName = "lesson 2UITests";
			productReference = 9F06740B1C5AE1EC00B9AED3 /* lesson 2UITests.xctest */;
			productType = "com.apple.product-type.bundle.ui-testing";
		};
/* End PBXNativeTarget section */

/* Begin PBXProject section */
		9F0673E41C5AE1EB00B9AED3 /* Project object */ = {
			isa = PBXProject;
			attributes = {
				LastSwiftUpdateCheck = 0720;
				LastUpgradeCheck = 0720;
				ORGANIZATIONNAME = "Roman Pines";
				TargetAttributes = {
					9F0673EB1C5AE1EB00B9AED3 = {
						CreatedOnToolsVersion = 7.2;
						DevelopmentTeam = 2GF9NBWZ7X;
					};
					9F0673FF1C5AE1EC00B9AED3 = {
						CreatedOnToolsVersion = 7.2;
						DevelopmentTeam = 2GF9NBWZ7X;
						TestTargetID = 9F0673EB1C5AE1EB00B9AED3;
					};
					9F06740A1C5AE1EC00B9AED3 = {
						CreatedOnToolsVersion = 7.2;
						DevelopmentTeam = 2GF9NBWZ7X;
						TestTargetID = 9F0673EB1C5AE1EB00B9AED3;
					};
				};
			};
			buildConfigurationList = 9F0673E71C5AE1EB00B9AED3 /* Build configuration list for PBXProject "lesson 2" */;
			compatibilityVersion = "Xcode 3.2";
			developmentRegion = English;
			hasScannedForEncodings = 0;
			knownRegions = (
				en,
				Base,
			);
			mainGroup = 9F0673E31C5AE1EB00B9AED3;
			productRefGroup = 9F0673ED1C5AE1EB00B9AED3 /* Products */;
			projectDirPath = "";
			projectRoot = "";
			targets = (
				9F0673EB1C5AE1EB00B9AED3 /* lesson 2 */,
				9F0673FF1C5AE1EC00B9AED3 /* lesson 2Tests */,
				9F06740A1C5AE1EC00B9AED3 /* lesson 2UITests */,
			);
		};
/* End PBXProject section */

/* Begin PBXResourcesBuildPhase section */
		9F0673EA1C5AE1EB00B9AED3 /* Resources */ = {
			isa = PBXResourcesBuildPhase;
			buildActionMask = 2147483647;
			files = (
				9F0673FA1C5AE1EB00B9AED3 /* LaunchScreen.storyboard in Resources */,
				9F06741E1C5AF58A00B9AED3 /* sample-02-redo.png in Resources */,
				9F0673F71C5AE1EB00B9AED3 /* Assets.xcassets in Resources */,
				9F0673F51C5AE1EB00B9AED3 /* Main.storyboard in Resources */,
			);
			runOnlyForDeploymentPostprocessing = 0;
		};
		9F0673FE1C5AE1EC00B9AED3 /* Resources */ = {
			isa = PBXResourcesBuildPhase;
			buildActionMask = 2147483647;
			files = (
			);
			runOnlyForDeploymentPostprocessing = 0;
		};
		9F0674091C5AE1EC00B9AED3 /* Resources */ = {
			isa = PBXResourcesBuildPhase;
			buildActionMask = 2147483647;
			files = (
			);
			runOnlyForDeploymentPostprocessing = 0;
		};
/* End PBXResourcesBuildPhase section */

/* Begin PBXSourcesBuildPhase section */
		9F0673E81C5AE1EB00B9AED3 /* Sources */ = {
			isa = PBXSourcesBuildPhase;
			buildActionMask = 2147483647;
			files = (
				9F0673F21C5AE1EB00B9AED3 /* ViewController.swift in Sources */,
				9F0674201C5AFC8E00B9AED3 /* YellowViewController.swift in Sources */,
				9F0673F01C5AE1EB00B9AED3 /* AppDelegate.swift in Sources */,
			);
			runOnlyForDeploymentPostprocessing = 0;
		};
		9F0673FC1C5AE1EC00B9AED3 /* Sources */ = {
			isa = PBXSourcesBuildPhase;
			buildActionMask = 2147483647;
			files = (
				9F0674051C5AE1EC00B9AED3 /* lesson_2Tests.swift in Sources */,
			);
			runOnlyForDeploymentPostprocessing = 0;
		};
		9F0674071C5AE1EC00B9AED3 /* Sources */ = {
			isa = PBXSourcesBuildPhase;
			buildActionMask = 2147483647;
			files = (
				9F0674101C5AE1EC00B9AED3 /* lesson_2UITests.swift in Sources */,
			);
			runOnlyForDeploymentPostprocessing = 0;
		};
/* End PBXSourcesBuildPhase section */

/* Begin PBXTargetDependency section */
		9F0674021C5AE1EC00B9AED3 /* PBXTargetDependency */ = {
			isa = PBXTargetDependency;
			target = 9F0673EB1C5AE1EB00B9AED3 /* lesson 2 */;
			targetProxy = 9F0674011C5AE1EC00B9AED3 /* PBXContainerItemProxy */;
		};
		9F06740D1C5AE1EC00B9AED3 /* PBXTargetDependency */ = {
			isa = PBXTargetDependency;
			target = 9F0673EB1C5AE1EB00B9AED3 /* lesson 2 */;
			targetProxy = 9F06740C1C5AE1EC00B9AED3 /* PBXContainerItemProxy */;
		};
/* End PBXTargetDependency section */

/* Begin PBXVariantGroup section */
		9F0673F31C5AE1EB00B9AED3 /* Main.storyboard */ = {
			isa = PBXVariantGroup;
			children = (
				9F0673F41C5AE1EB00B9AED3 /* Base */,
			);
			name = Main.storyboard;
			sourceTree = "<group>";
		};
		9F0673F81C5AE1EB00B9AED3 /* LaunchScreen.storyboard */ = {
			isa = PBXVariantGroup;
			children = (
				9F0673F91C5AE1EB00B9AED3 /* Base */,
			);
			name = LaunchScreen.storyboard;
			sourceTree = "<group>";
		};
/* End PBXVariantGroup section */

/* Begin XCBuildConfiguration section */
		9F0674121C5AE1EC00B9AED3 /* Debug */ = {
			isa = XCBuildConfiguration;
			buildSettings = {
				ALWAYS_SEARCH_USER_PATHS = NO;
				CLANG_CXX_LANGUAGE_STANDARD = "gnu++0x";
				CLANG_CXX_LIBRARY = "libc++";
				CLANG_ENABLE_MODULES = YES;
				CLANG_ENABLE_OBJC_ARC = YES;
				CLANG_WARN_BOOL_CONVERSION = YES;
				CLANG_WARN_CONSTANT_CONVERSION = YES;
				CLANG_WARN_DIRECT_OBJC_ISA_USAGE = YES_ERROR;
				CLANG_WARN_EMPTY_BODY = YES;
				CLANG_WARN_ENUM_CONVERSION = YES;
				CLANG_WARN_INT_CONVERSION = YES;
				CLANG_WARN_OBJC_ROOT_CLASS = YES_ERROR;
				CLANG_WARN_UNREACHABLE_CODE = YES;
				CLANG_WARN__DUPLICATE_METHOD_MATCH = YES;
				"CODE_SIGN_IDENTITY[sdk=iphoneos*]" = "iPhone Developer";
				COPY_PHASE_STRIP = NO;
				DEBUG_INFORMATION_FORMAT = dwarf;
				ENABLE_STRICT_OBJC_MSGSEND = YES;
				ENABLE_TESTABILITY = YES;
				GCC_C_LANGUAGE_STANDARD = gnu99;
				GCC_DYNAMIC_NO_PIC = NO;
				GCC_NO_COMMON_BLOCKS = YES;
				GCC_OPTIMIZATION_LEVEL = 0;
				GCC_PREPROCESSOR_DEFINITIONS = (
					"DEBUG=1",
					"$(inherited)",
				);
				GCC_WARN_64_TO_32_BIT_CONVERSION = YES;
				GCC_WARN_ABOUT_RETURN_TYPE = YES_ERROR;
				GCC_WARN_UNDECLARED_SELECTOR = YES;
				GCC_WARN_UNINITIALIZED_AUTOS = YES_AGGRESSIVE;
				GCC_WARN_UNUSED_FUNCTION = YES;
				GCC_WARN_UNUSED_VARIABLE = YES;
				IPHONEOS_DEPLOYMENT_TARGET = 9.2;
				MTL_ENABLE_DEBUG_INFO = YES;
				ONLY_ACTIVE_ARCH = YES;
				SDKROOT = iphoneos;
				SWIFT_OPTIMIZATION_LEVEL = "-Onone";
				TARGETED_DEVICE_FAMILY = "1,2";
			};
			name = Debug;
		};
		9F0674131C5AE1EC00B9AED3 /* Release */ = {
			isa = XCBuildConfiguration;
			buildSettings = {
				ALWAYS_SEARCH_USER_PATHS = NO;
				CLANG_CXX_LANGUAGE_STANDARD = "gnu++0x";
				CLANG_CXX_LIBRARY = "libc++";
				CLANG_ENABLE_MODULES = YES;
				CLANG_ENABLE_OBJC_ARC = YES;
				CLANG_WARN_BOOL_CONVERSION = YES;
				CLANG_WARN_CONSTANT_CONVERSION = YES;
				CLANG_WARN_DIRECT_OBJC_ISA_USAGE = YES_ERROR;
				CLANG_WARN_EMPTY_BODY = YES;
				CLANG_WARN_ENUM_CONVERSION = YES;
				CLANG_WARN_INT_CONVERSION = YES;
				CLANG_WARN_OBJC_ROOT_CLASS = YES_ERROR;
				CLANG_WARN_UNREACHABLE_CODE = YES;
				CLANG_WARN__DUPLICATE_METHOD_MATCH = YES;
				"CODE_SIGN_IDENTITY[sdk=iphoneos*]" = "iPhone Developer";
				COPY_PHASE_STRIP = NO;
				DEBUG_INFORMATION_FORMAT = "dwarf-with-dsym";
				ENABLE_NS_ASSERTIONS = NO;
				ENABLE_STRICT_OBJC_MSGSEND = YES;
				GCC_C_LANGUAGE_STANDARD = gnu99;
				GCC_NO_COMMON_BLOCKS = YES;
				GCC_WARN_64_TO_32_BIT_CONVERSION = YES;
				GCC_WARN_ABOUT_RETURN_TYPE = YES_ERROR;
				GCC_WARN_UNDECLARED_SELECTOR = YES;
				GCC_WARN_UNINITIALIZED_AUTOS = YES_AGGRESSIVE;
				GCC_WARN_UNUSED_FUNCTION = YES;
				GCC_WARN_UNUSED_VARIABLE = YES;
				IPHONEOS_DEPLOYMENT_TARGET = 9.2;
				MTL_ENABLE_DEBUG_INFO = NO;
				SDKROOT = iphoneos;
				TARGETED_DEVICE_FAMILY = "1,2";
				VALIDATE_PRODUCT = YES;
			};
			name = Release;
		};
		9F0674151C5AE1EC00B9AED3 /* Debug */ = {
			isa = XCBuildConfiguration;
			buildSettings = {
				ASSETCATALOG_COMPILER_APPICON_NAME = AppIcon;
				INFOPLIST_FILE = "lesson 2/Info.plist";
				LD_RUNPATH_SEARCH_PATHS = "$(inherited) @executable_path/Frameworks";
				PRODUCT_BUNDLE_IDENTIFIER = "Roman.lesson-2";
				PRODUCT_NAME = "$(TARGET_NAME)";
			};
			name = Debug;
		};
		9F0674161C5AE1EC00B9AED3 /* Release */ = {
			isa = XCBuildConfiguration;
			buildSettings = {
				ASSETCATALOG_COMPILER_APPICON_NAME = AppIcon;
				INFOPLIST_FILE = "lesson 2/Info.plist";
				LD_RUNPATH_SEARCH_PATHS = "$(inherited) @executable_path/Frameworks";
				PRODUCT_BUNDLE_IDENTIFIER = "Roman.lesson-2";
				PRODUCT_NAME = "$(TARGET_NAME)";
			};
			name = Release;
		};
		9F0674181C5AE1EC00B9AED3 /* Debug */ = {
			isa = XCBuildConfiguration;
			buildSettings = {
				BUNDLE_LOADER = "$(TEST_HOST)";
				INFOPLIST_FILE = "lesson 2Tests/Info.plist";
				LD_RUNPATH_SEARCH_PATHS = "$(inherited) @executable_path/Frameworks @loader_path/Frameworks";
				PRODUCT_BUNDLE_IDENTIFIER = "Roman.lesson-2Tests";
				PRODUCT_NAME = "$(TARGET_NAME)";
				TEST_HOST = "$(BUILT_PRODUCTS_DIR)/lesson 2.app/lesson 2";
			};
			name = Debug;
		};
		9F0674191C5AE1EC00B9AED3 /* Release */ = {
			isa = XCBuildConfiguration;
			buildSettings = {
				BUNDLE_LOADER = "$(TEST_HOST)";
				INFOPLIST_FILE = "lesson 2Tests/Info.plist";
				LD_RUNPATH_SEARCH_PATHS = "$(inherited) @executable_path/Frameworks @loader_path/Frameworks";
				PRODUCT_BUNDLE_IDENTIFIER = "Roman.lesson-2Tests";
				PRODUCT_NAME = "$(TARGET_NAME)";
				TEST_HOST = "$(BUILT_PRODUCTS_DIR)/lesson 2.app/lesson 2";
			};
			name = Release;
		};
		9F06741B1C5AE1EC00B9AED3 /* Debug */ = {
			isa = XCBuildConfiguration;
			buildSettings = {
				INFOPLIST_FILE = "lesson 2UITests/Info.plist";
				LD_RUNPATH_SEARCH_PATHS = "$(inherited) @executable_path/Frameworks @loader_path/Frameworks";
				PRODUCT_BUNDLE_IDENTIFIER = "Roman.lesson-2UITests";
				PRODUCT_NAME = "$(TARGET_NAME)";
				TEST_TARGET_NAME = "lesson 2";
				USES_XCTRUNNER = YES;
			};
			name = Debug;
		};
		9F06741C1C5AE1EC00B9AED3 /* Release */ = {
			isa = XCBuildConfiguration;
			buildSettings = {
				INFOPLIST_FILE = "lesson 2UITests/Info.plist";
				LD_RUNPATH_SEARCH_PATHS = "$(inherited) @executable_path/Frameworks @loader_path/Frameworks";
				PRODUCT_BUNDLE_IDENTIFIER = "Roman.lesson-2UITests";
				PRODUCT_NAME = "$(TARGET_NAME)";
				TEST_TARGET_NAME = "lesson 2";
				USES_XCTRUNNER = YES;
			};
			name = Release;
		};
/* End XCBuildConfiguration section */

/* Begin XCConfigurationList section */
		9F0673E71C5AE1EB00B9AED3 /* Build configuration list for PBXProject "lesson 2" */ = {
			isa = XCConfigurationList;
			buildConfigurations = (
				9F0674121C5AE1EC00B9AED3 /* Debug */,
				9F0674131C5AE1EC00B9AED3 /* Release */,
			);
			defaultConfigurationIsVisible = 0;
			defaultConfigurationName = Release;
		};
		9F0674141C5AE1EC00B9AED3 /* Build configuration list for PBXNativeTarget "lesson 2" */ = {
			isa = XCConfigurationList;
			buildConfigurations = (
				9F0674151C5AE1EC00B9AED3 /* Debug */,
				9F0674161C5AE1EC00B9AED3 /* Release */,
			);
			defaultConfigurationIsVisible = 0;
		};
		9F0674171C5AE1EC00B9AED3 /* Build configuration list for PBXNativeTarget "lesson 2Tests" */ = {
			isa = XCConfigurationList;
			buildConfigurations = (
				9F0674181C5AE1EC00B9AED3 /* Debug */,
				9F0674191C5AE1EC00B9AED3 /* Release */,
			);
			defaultConfigurationIsVisible = 0;
		};
		9F06741A1C5AE1EC00B9AED3 /* Build configuration list for PBXNativeTarget "lesson 2UITests" */ = {
			isa = XCConfigurationList;
			buildConfigurations = (
				9F06741B1C5AE1EC00B9AED3 /* Debug */,
				9F06741C1C5AE1EC00B9AED3 /* Release */,
			);
			defaultConfigurationIsVisible = 0;
		};
/* End XCConfigurationList section */
	};
	rootObject = 9F0673E41C5AE1EB00B9AED3 /* Project object */;
}
