// !$*UTF8*$!
{
	archiveVersion = 1;
	classes = {
	};
	objectVersion = 46;
	objects = {

/* Begin PBXBuildFile section */
		9F202EC81C656DA00093FE6A /* AppDelegate.swift in Sources */ = {isa = PBXBuildFile; fileRef = 9F202EC71C656DA00093FE6A /* AppDelegate.swift */; };
		9F202ECA1C656DA00093FE6A /* ViewController.swift in Sources */ = {isa = PBXBuildFile; fileRef = 9F202EC91C656DA00093FE6A /* ViewController.swift */; };
		9F202ECD1C656DA00093FE6A /* Main.storyboard in Resources */ = {isa = PBXBuildFile; fileRef = 9F202ECB1C656DA00093FE6A /* Main.storyboard */; };
		9F202ECF1C656DA00093FE6A /* Assets.xcassets in Resources */ = {isa = PBXBuildFile; fileRef = 9F202ECE1C656DA00093FE6A /* Assets.xcassets */; };
		9F202ED21C656DA00093FE6A /* LaunchScreen.storyboard in Resources */ = {isa = PBXBuildFile; fileRef = 9F202ED01C656DA00093FE6A /* LaunchScreen.storyboard */; };
		9F202EDA1C657DDC0093FE6A /* IMG_8899.JPG in Resources */ = {isa = PBXBuildFile; fileRef = 9F202ED91C657DDC0093FE6A /* IMG_8899.JPG */; };
		9F202EDC1C6587A30093FE6A /* IMG_7432.jpg in Resources */ = {isa = PBXBuildFile; fileRef = 9F202EDB1C6587A30093FE6A /* IMG_7432.jpg */; };
/* End PBXBuildFile section */

/* Begin PBXFileReference section */
		9F202EC41C656DA00093FE6A /* HW1A.app */ = {isa = PBXFileReference; explicitFileType = wrapper.application; includeInIndex = 0; path = HW1A.app; sourceTree = BUILT_PRODUCTS_DIR; };
		9F202EC71C656DA00093FE6A /* AppDelegate.swift */ = {isa = PBXFileReference; lastKnownFileType = sourcecode.swift; path = AppDelegate.swift; sourceTree = "<group>"; };
		9F202EC91C656DA00093FE6A /* ViewController.swift */ = {isa = PBXFileReference; lastKnownFileType = sourcecode.swift; path = ViewController.swift; sourceTree = "<group>"; };
		9F202ECC1C656DA00093FE6A /* Base */ = {isa = PBXFileReference; lastKnownFileType = file.storyboard; name = Base; path = Base.lproj/Main.storyboard; sourceTree = "<group>"; };
		9F202ECE1C656DA00093FE6A /* Assets.xcassets */ = {isa = PBXFileReference; lastKnownFileType = folder.assetcatalog; path = Assets.xcassets; sourceTree = "<group>"; };
		9F202ED11C656DA00093FE6A /* Base */ = {isa = PBXFileReference; lastKnownFileType = file.storyboard; name = Base; path = Base.lproj/LaunchScreen.storyboard; sourceTree = "<group>"; };
		9F202ED31C656DA00093FE6A /* Info.plist */ = {isa = PBXFileReference; lastKnownFileType = text.plist.xml; path = Info.plist; sourceTree = "<group>"; };
		9F202ED91C657DDC0093FE6A /* IMG_8899.JPG */ = {isa = PBXFileReference; lastKnownFileType = image.jpeg; name = IMG_8899.JPG; path = ../../../../../../../IMG_8899.JPG; sourceTree = "<group>"; };
		9F202EDB1C6587A30093FE6A /* IMG_7432.jpg */ = {isa = PBXFileReference; lastKnownFileType = image.jpeg; name = IMG_7432.jpg; path = ../../../../../../../IMG_7432.jpg; sourceTree = "<group>"; };
/* End PBXFileReference section */

/* Begin PBXFrameworksBuildPhase section */
		9F202EC11C656DA00093FE6A /* Frameworks */ = {
			isa = PBXFrameworksBuildPhase;
			buildActionMask = 2147483647;
			files = (
			);
			runOnlyForDeploymentPostprocessing = 0;
		};
/* End PBXFrameworksBuildPhase section */

/* Begin PBXGroup section */
		9F202EBB1C656DA00093FE6A = {
			isa = PBXGroup;
			children = (
				9F202EC61C656DA00093FE6A /* HW1A */,
				9F202EC51C656DA00093FE6A /* Products */,
			);
			sourceTree = "<group>";
		};
		9F202EC51C656DA00093FE6A /* Products */ = {
			isa = PBXGroup;
			children = (
				9F202EC41C656DA00093FE6A /* HW1A.app */,
			);
			name = Products;
			sourceTree = "<group>";
		};
		9F202EC61C656DA00093FE6A /* HW1A */ = {
			isa = PBXGroup;
			children = (
				9F202EC71C656DA00093FE6A /* AppDelegate.swift */,
				9F202EC91C656DA00093FE6A /* ViewController.swift */,
				9F202ED91C657DDC0093FE6A /* IMG_8899.JPG */,
				9F202EDB1C6587A30093FE6A /* IMG_7432.jpg */,
				9F202ECB1C656DA00093FE6A /* Main.storyboard */,
				9F202ECE1C656DA00093FE6A /* Assets.xcassets */,
				9F202ED01C656DA00093FE6A /* LaunchScreen.storyboard */,
				9F202ED31C656DA00093FE6A /* Info.plist */,
			);
			path = HW1A;
			sourceTree = "<group>";
		};
/* End PBXGroup section */

/* Begin PBXNativeTarget section */
		9F202EC31C656DA00093FE6A /* HW1A */ = {
			isa = PBXNativeTarget;
			buildConfigurationList = 9F202ED61C656DA00093FE6A /* Build configuration list for PBXNativeTarget "HW1A" */;
			buildPhases = (
				9F202EC01C656DA00093FE6A /* Sources */,
				9F202EC11C656DA00093FE6A /* Frameworks */,
				9F202EC21C656DA00093FE6A /* Resources */,
			);
			buildRules = (
			);
			dependencies = (
			);
			name = HW1A;
			productName = HW1A;
			productReference = 9F202EC41C656DA00093FE6A /* HW1A.app */;
			productType = "com.apple.product-type.application";
		};
/* End PBXNativeTarget section */

/* Begin PBXProject section */
		9F202EBC1C656DA00093FE6A /* Project object */ = {
			isa = PBXProject;
			attributes = {
				LastSwiftUpdateCheck = 0720;
				LastUpgradeCheck = 0720;
				ORGANIZATIONNAME = "Roman Pines";
				TargetAttributes = {
					9F202EC31C656DA00093FE6A = {
						CreatedOnToolsVersion = 7.2.1;
						DevelopmentTeam = 2GF9NBWZ7X;
					};
				};
			};
			buildConfigurationList = 9F202EBF1C656DA00093FE6A /* Build configuration list for PBXProject "HW1A" */;
			compatibilityVersion = "Xcode 3.2";
			developmentRegion = English;
			hasScannedForEncodings = 0;
			knownRegions = (
				en,
				Base,
			);
			mainGroup = 9F202EBB1C656DA00093FE6A;
			productRefGroup = 9F202EC51C656DA00093FE6A /* Products */;
			projectDirPath = "";
			projectRoot = "";
			targets = (
				9F202EC31C656DA00093FE6A /* HW1A */,
			);
		};
/* End PBXProject section */

/* Begin PBXResourcesBuildPhase section */
		9F202EC21C656DA00093FE6A /* Resources */ = {
			isa = PBXResourcesBuildPhase;
			buildActionMask = 2147483647;
			files = (
				9F202ED21C656DA00093FE6A /* LaunchScreen.storyboard in Resources */,
				9F202EDA1C657DDC0093FE6A /* IMG_8899.JPG in Resources */,
				9F202ECF1C656DA00093FE6A /* Assets.xcassets in Resources */,
				9F202ECD1C656DA00093FE6A /* Main.storyboard in Resources */,
				9F202EDC1C6587A30093FE6A /* IMG_7432.jpg in Resources */,
			);
			runOnlyForDeploymentPostprocessing = 0;
		};
/* End PBXResourcesBuildPhase section */

/* Begin PBXSourcesBuildPhase section */
		9F202EC01C656DA00093FE6A /* Sources */ = {
			isa = PBXSourcesBuildPhase;
			buildActionMask = 2147483647;
			files = (
				9F202ECA1C656DA00093FE6A /* ViewController.swift in Sources */,
				9F202EC81C656DA00093FE6A /* AppDelegate.swift in Sources */,
			);
			runOnlyForDeploymentPostprocessing = 0;
		};
/* End PBXSourcesBuildPhase section */

/* Begin PBXVariantGroup section */
		9F202ECB1C656DA00093FE6A /* Main.storyboard */ = {
			isa = PBXVariantGroup;
			children = (
				9F202ECC1C656DA00093FE6A /* Base */,
			);
			name = Main.storyboard;
			sourceTree = "<group>";
		};
		9F202ED01C656DA00093FE6A /* LaunchScreen.storyboard */ = {
			isa = PBXVariantGroup;
			children = (
				9F202ED11C656DA00093FE6A /* Base */,
			);
			name = LaunchScreen.storyboard;
			sourceTree = "<group>";
		};
/* End PBXVariantGroup section */

/* Begin XCBuildConfiguration section */
		9F202ED41C656DA00093FE6A /* Debug */ = {
			isa = XCBuildConfiguration;
			buildSettings = {
				ALWAYS_SEARCH_USER_PATHS = NO;
				CLANG_CXX_LANGUAGE_STANDARD = "gnu++0x";
				CLANG_CXX_LIBRARY = "libc++";
				CLANG_ENABLE_MODULES = YES;
				CLANG_ENABLE_OBJC_ARC = YES;
				CLANG_WARN_BOOL_CONVERSION = YES;
				CLANG_WARN_CONSTANT_CONVERSION = YES;
				CLANG_WARN_DIRECT_OBJC_ISA_USAGE = YES_ERROR;
				CLANG_WARN_EMPTY_BODY = YES;
				CLANG_WARN_ENUM_CONVERSION = YES;
				CLANG_WARN_INT_CONVERSION = YES;
				CLANG_WARN_OBJC_ROOT_CLASS = YES_ERROR;
				CLANG_WARN_UNREACHABLE_CODE = YES;
				CLANG_WARN__DUPLICATE_METHOD_MATCH = YES;
				"CODE_SIGN_IDENTITY[sdk=iphoneos*]" = "iPhone Developer";
				COPY_PHASE_STRIP = NO;
				DEBUG_INFORMATION_FORMAT = dwarf;
				ENABLE_STRICT_OBJC_MSGSEND = YES;
				ENABLE_TESTABILITY = YES;
				GCC_C_LANGUAGE_STANDARD = gnu99;
				GCC_DYNAMIC_NO_PIC = NO;
				GCC_NO_COMMON_BLOCKS = YES;
				GCC_OPTIMIZATION_LEVEL = 0;
				GCC_PREPROCESSOR_DEFINITIONS = (
					"DEBUG=1",
					"$(inherited)",
				);
				GCC_WARN_64_TO_32_BIT_CONVERSION = YES;
				GCC_WARN_ABOUT_RETURN_TYPE = YES_ERROR;
				GCC_WARN_UNDECLARED_SELECTOR = YES;
				GCC_WARN_UNINITIALIZED_AUTOS = YES_AGGRESSIVE;
				GCC_WARN_UNUSED_FUNCTION = YES;
				GCC_WARN_UNUSED_VARIABLE = YES;
				IPHONEOS_DEPLOYMENT_TARGET = 9.2;
				MTL_ENABLE_DEBUG_INFO = YES;
				ONLY_ACTIVE_ARCH = YES;
				SDKROOT = iphoneos;
				SWIFT_OPTIMIZATION_LEVEL = "-Onone";
				TARGETED_DEVICE_FAMILY = "1,2";
			};
			name = Debug;
		};
		9F202ED51C656DA00093FE6A /* Release */ = {
			isa = XCBuildConfiguration;
			buildSettings = {
				ALWAYS_SEARCH_USER_PATHS = NO;
				CLANG_CXX_LANGUAGE_STANDARD = "gnu++0x";
				CLANG_CXX_LIBRARY = "libc++";
				CLANG_ENABLE_MODULES = YES;
				CLANG_ENABLE_OBJC_ARC = YES;
				CLANG_WARN_BOOL_CONVERSION = YES;
				CLANG_WARN_CONSTANT_CONVERSION = YES;
				CLANG_WARN_DIRECT_OBJC_ISA_USAGE = YES_ERROR;
				CLANG_WARN_EMPTY_BODY = YES;
				CLANG_WARN_ENUM_CONVERSION = YES;
				CLANG_WARN_INT_CONVERSION = YES;
				CLANG_WARN_OBJC_ROOT_CLASS = YES_ERROR;
				CLANG_WARN_UNREACHABLE_CODE = YES;
				CLANG_WARN__DUPLICATE_METHOD_MATCH = YES;
				"CODE_SIGN_IDENTITY[sdk=iphoneos*]" = "iPhone Developer";
				COPY_PHASE_STRIP = NO;
				DEBUG_INFORMATION_FORMAT = "dwarf-with-dsym";
				ENABLE_NS_ASSERTIONS = NO;
				ENABLE_STRICT_OBJC_MSGSEND = YES;
				GCC_C_LANGUAGE_STANDARD = gnu99;
				GCC_NO_COMMON_BLOCKS = YES;
				GCC_WARN_64_TO_32_BIT_CONVERSION = YES;
				GCC_WARN_ABOUT_RETURN_TYPE = YES_ERROR;
				GCC_WARN_UNDECLARED_SELECTOR = YES;
				GCC_WARN_UNINITIALIZED_AUTOS = YES_AGGRESSIVE;
				GCC_WARN_UNUSED_FUNCTION = YES;
				GCC_WARN_UNUSED_VARIABLE = YES;
				IPHONEOS_DEPLOYMENT_TARGET = 9.2;
				MTL_ENABLE_DEBUG_INFO = NO;
				SDKROOT = iphoneos;
				TARGETED_DEVICE_FAMILY = "1,2";
				VALIDATE_PRODUCT = YES;
			};
			name = Release;
		};
		9F202ED71C656DA00093FE6A /* Debug */ = {
			isa = XCBuildConfiguration;
			buildSettings = {
				ASSETCATALOG_COMPILER_APPICON_NAME = AppIcon;
				INFOPLIST_FILE = HW1A/Info.plist;
				LD_RUNPATH_SEARCH_PATHS = "$(inherited) @executable_path/Frameworks";
				PRODUCT_BUNDLE_IDENTIFIER = Roman.HW1A;
				PRODUCT_NAME = "$(TARGET_NAME)";
			};
			name = Debug;
		};
		9F202ED81C656DA00093FE6A /* Release */ = {
			isa = XCBuildConfiguration;
			buildSettings = {
				ASSETCATALOG_COMPILER_APPICON_NAME = AppIcon;
				INFOPLIST_FILE = HW1A/Info.plist;
				LD_RUNPATH_SEARCH_PATHS = "$(inherited) @executable_path/Frameworks";
				PRODUCT_BUNDLE_IDENTIFIER = Roman.HW1A;
				PRODUCT_NAME = "$(TARGET_NAME)";
			};
			name = Release;
		};
/* End XCBuildConfiguration section */

/* Begin XCConfigurationList section */
		9F202EBF1C656DA00093FE6A /* Build configuration list for PBXProject "HW1A" */ = {
			isa = XCConfigurationList;
			buildConfigurations = (
				9F202ED41C656DA00093FE6A /* Debug */,
				9F202ED51C656DA00093FE6A /* Release */,
			);
			defaultConfigurationIsVisible = 0;
			defaultConfigurationName = Release;
		};
		9F202ED61C656DA00093FE6A /* Build configuration list for PBXNativeTarget "HW1A" */ = {
			isa = XCConfigurationList;
			buildConfigurations = (
				9F202ED71C656DA00093FE6A /* Debug */,
				9F202ED81C656DA00093FE6A /* Release */,
			);
			defaultConfigurationIsVisible = 0;
			defaultConfigurationName = Release;
		};
/* End XCConfigurationList section */
	};
	rootObject = 9F202EBC1C656DA00093FE6A /* Project object */;
}
